
Microsoft Visual Studio Solution File, Format Version 12.00
# Visual Studio Version 17
VisualStudioVersion = 17.9.34616.47
MinimumVisualStudioVersion = 10.0.40219.1
Project("{FAE04EC0-301F-11D3-BF4B-00C04F79EFBC}") = "fib", "fib.csproj", "{99215D61-A657-48D8-807E-F46BEA0B1C49}"
EndProject
Global
	GlobalSection(SolutionConfigurationPlatforms) = preSolution
		Debug|Any CPU = Debug|Any CPU
		Release|Any CPU = Release|Any CPU
	EndGlobalSection
	GlobalSection(ProjectConfigurationPlatforms) = postSolution
		{99215D61-A657-48D8-807E-F46BEA0B1C49}.Debug|Any CPU.ActiveCfg = Debug|Any CPU
		{99215D61-A657-48D8-807E-F46BEA0B1C49}.Debug|Any CPU.Build.0 = Debug|Any CPU
		{99215D61-A657-48D8-807E-F46BEA0B1C49}.Release|Any CPU.ActiveCfg = Release|Any CPU
		{99215D61-A657-48D8-807E-F46BEA0B1C49}.Release|Any CPU.Build.0 = Release|Any CPU
	EndGlobalSection
	GlobalSection(SolutionProperties) = preSolution
		HideSolutionNode = FALSE
	EndGlobalSection
	GlobalSection(ExtensibilityGlobals) = postSolution
		SolutionGuid = {2F5B9297-4866-44CC-9D28-B2FD3585E215}
	EndGlobalSection
EndGlobal
